
Microsoft Visual Studio Solution File, Format Version 12.00
# Visual Studio Version 17
VisualStudioVersion = 17.0.32126.317
MinimumVisualStudioVersion = 10.0.40219.1
Project("{9A19103F-16F7-4668-BE54-9A1E7A4F7556}") = "OpenApi.Samples", "OpenApi.Samples.csproj", "{15505055-D3F5-4F11-A1CA-DB5E3F3125A3}"
EndProject
Project("{2150E333-8FDC-42A3-9474-1A3956D46DE8}") = "Solution Items", "Solution Items", "{5DE4F91A-EC07-4D90-87B7-A05F5D11C5FD}"
	ProjectSection(SolutionItems) = preProject
		.editorconfig = .editorconfig
	EndProjectSection
EndProject
Global
	GlobalSection(SolutionConfigurationPlatforms) = preSolution
		Debug|Any CPU = Debug|Any CPU
		Release|Any CPU = Release|Any CPU
	EndGlobalSection
	GlobalSection(ProjectConfigurationPlatforms) = postSolution
		{15505055-D3F5-4F11-A1CA-DB5E3F3125A3}.Debug|Any CPU.ActiveCfg = Debug|Any CPU
		{15505055-D3F5-4F11-A1CA-DB5E3F3125A3}.Debug|Any CPU.Build.0 = Debug|Any CPU
		{15505055-D3F5-4F11-A1CA-DB5E3F3125A3}.Release|Any CPU.ActiveCfg = Release|Any CPU
		{15505055-D3F5-4F11-A1CA-DB5E3F3125A3}.Release|Any CPU.Build.0 = Release|Any CPU
	EndGlobalSection
	GlobalSection(SolutionProperties) = preSolution
		HideSolutionNode = FALSE
	EndGlobalSection
	GlobalSection(ExtensibilityGlobals) = postSolution
		SolutionGuid = {A0E4BD51-254E-41CE-AC28-A6AFA4C4CFB9}
	EndGlobalSection
EndGlobal
